
Microsoft Visual Studio Solution File, Format Version 12.00
# Visual Studio Version 17
VisualStudioVersion = 17.5.33530.505
MinimumVisualStudioVersion = 10.0.40219.1
Project("{9A19103F-16F7-4668-BE54-9A1E7A4F7556}") = "Spotify", "Spotify\Spotify.csproj", "{1549AF3C-75BF-4967-ADF1-82BFC43F795A}"
EndProject
Project("{9A19103F-16F7-4668-BE54-9A1E7A4F7556}") = "Core", "Core\Core.csproj", "{18A030DB-919C-4C12-9B54-47BDAEDFF6D3}"
EndProject
Project("{9A19103F-16F7-4668-BE54-9A1E7A4F7556}") = "Infastructure", "Infastructure\Infastructure.csproj", "{9951A1E5-D03D-4EA0-B668-7AC74766138E}"
EndProject
Global
	GlobalSection(SolutionConfigurationPlatforms) = preSolution
		Debug|Any CPU = Debug|Any CPU
		Release|Any CPU = Release|Any CPU
	EndGlobalSection
	GlobalSection(ProjectConfigurationPlatforms) = postSolution
		{1549AF3C-75BF-4967-ADF1-82BFC43F795A}.Debug|Any CPU.ActiveCfg = Debug|Any CPU
		{1549AF3C-75BF-4967-ADF1-82BFC43F795A}.Debug|Any CPU.Build.0 = Debug|Any CPU
		{1549AF3C-75BF-4967-ADF1-82BFC43F795A}.Release|Any CPU.ActiveCfg = Release|Any CPU
		{1549AF3C-75BF-4967-ADF1-82BFC43F795A}.Release|Any CPU.Build.0 = Release|Any CPU
		{18A030DB-919C-4C12-9B54-47BDAEDFF6D3}.Debug|Any CPU.ActiveCfg = Debug|Any CPU
		{18A030DB-919C-4C12-9B54-47BDAEDFF6D3}.Debug|Any CPU.Build.0 = Debug|Any CPU
		{18A030DB-919C-4C12-9B54-47BDAEDFF6D3}.Release|Any CPU.ActiveCfg = Release|Any CPU
		{18A030DB-919C-4C12-9B54-47BDAEDFF6D3}.Release|Any CPU.Build.0 = Release|Any CPU
		{9951A1E5-D03D-4EA0-B668-7AC74766138E}.Debug|Any CPU.ActiveCfg = Debug|Any CPU
		{9951A1E5-D03D-4EA0-B668-7AC74766138E}.Debug|Any CPU.Build.0 = Debug|Any CPU
		{9951A1E5-D03D-4EA0-B668-7AC74766138E}.Release|Any CPU.ActiveCfg = Release|Any CPU
		{9951A1E5-D03D-4EA0-B668-7AC74766138E}.Release|Any CPU.Build.0 = Release|Any CPU
	EndGlobalSection
	GlobalSection(SolutionProperties) = preSolution
		HideSolutionNode = FALSE
	EndGlobalSection
	GlobalSection(ExtensibilityGlobals) = postSolution
		SolutionGuid = {36EBF3E6-E714-45C9-B189-5521F53B1698}
	EndGlobalSection
EndGlobal
